// !$*UTF8*$!
{
	archiveVersion = 1;
	classes = {
	};
	objectVersion = 70;
	objects = {

/* Begin PBXCopyFilesBuildPhase section */
		AF2D42502E3118C7004C6CE0 /* CopyFiles */ = {
			isa = PBXCopyFilesBuildPhase;
			buildActionMask = 2147483647;
			dstPath = /usr/share/man/man1/;
			dstSubfolderSpec = 0;
			files = (
			);
			runOnlyForDeploymentPostprocessing = 1;
		};
		AF3B5BD62E36499C00A14D16 /* CopyFiles */ = {
			isa = PBXCopyFilesBuildPhase;
			buildActionMask = 2147483647;
			dstPath = /usr/share/man/man1/;
			dstSubfolderSpec = 0;
			files = (
			);
			runOnlyForDeploymentPostprocessing = 1;
		};
		AF5FF6AB2DD27DCA0076AB0E /* CopyFiles */ = {
			isa = PBXCopyFilesBuildPhase;
			buildActionMask = 2147483647;
			dstPath = /usr/share/man/man1/;
			dstSubfolderSpec = 0;
			files = (
			);
			runOnlyForDeploymentPostprocessing = 1;
		};
		AF6C85DA2E29315B0051B919 /* CopyFiles */ = {
			isa = PBXCopyFilesBuildPhase;
			buildActionMask = 2147483647;
			dstPath = /usr/share/man/man1/;
			dstSubfolderSpec = 0;
			files = (
			);
			runOnlyForDeploymentPostprocessing = 1;
		};
		AF7FD1D32D87464900D802C0 /* CopyFiles */ = {
			isa = PBXCopyFilesBuildPhase;
			buildActionMask = 2147483647;
			dstPath = /usr/share/man/man1/;
			dstSubfolderSpec = 0;
			files = (
			);
			runOnlyForDeploymentPostprocessing = 1;
		};
		AFBB9A982EF54467000CA528 /* CopyFiles */ = {
			isa = PBXCopyFilesBuildPhase;
			buildActionMask = 2147483647;
			dstPath = /usr/share/man/man1/;
			dstSubfolderSpec = 0;
			files = (
			);
			runOnlyForDeploymentPostprocessing = 1;
		};
		AFBDADA52DECE2D9004BCA41 /* CopyFiles */ = {
			isa = PBXCopyFilesBuildPhase;
			buildActionMask = 2147483647;
			dstPath = /usr/share/man/man1/;
			dstSubfolderSpec = 0;
			files = (
			);
			runOnlyForDeploymentPostprocessing = 1;
		};
/* End PBXCopyFilesBuildPhase section */

/* Begin PBXFileReference section */
		AF2D42522E3118C7004C6CE0 /* Dev_ClisbyTree */ = {isa = PBXFileReference; explicitFileType = "compiled.mach-o.executable"; includeInIndex = 0; path = Dev_ClisbyTree; sourceTree = BUILT_PRODUCTS_DIR; };
		AF3B5BD82E36499C00A14D16 /* Dev_PlanarityChecker */ = {isa = PBXFileReference; explicitFileType = "compiled.mach-o.executable"; includeInIndex = 0; path = Dev_PlanarityChecker; sourceTree = BUILT_PRODUCTS_DIR; };
		AF5B87F32BAE053100CB5CAF /* Accelerate.framework */ = {isa = PBXFileReference; lastKnownFileType = wrapper.framework; name = Accelerate.framework; path = System/Library/Frameworks/Accelerate.framework; sourceTree = SDKROOT; };
		AF5BC0BD29D1AF70008CA8B7 /* src */ = {isa = PBXFileReference; lastKnownFileType = folder; path = src; sourceTree = "<group>"; };
		AF5FF6AD2DD27DCA0076AB0E /* Dev_CLP */ = {isa = PBXFileReference; explicitFileType = "compiled.mach-o.executable"; includeInIndex = 0; path = Dev_CLP; sourceTree = BUILT_PRODUCTS_DIR; };
		AF6C85DC2E29315B0051B919 /* WorkBench */ = {isa = PBXFileReference; explicitFileType = "compiled.mach-o.executable"; includeInIndex = 0; path = WorkBench; sourceTree = BUILT_PRODUCTS_DIR; };
		AF7FD1D52D87464900D802C0 /* PolyFold */ = {isa = PBXFileReference; explicitFileType = "compiled.mach-o.executable"; includeInIndex = 0; path = PolyFold; sourceTree = BUILT_PRODUCTS_DIR; };
		AFBB9A9A2EF54467000CA528 /* Example_Knoodle */ = {isa = PBXFileReference; explicitFileType = "compiled.mach-o.executable"; includeInIndex = 0; path = Example_Knoodle; sourceTree = BUILT_PRODUCTS_DIR; };
		AFBDADA72DECE2D9004BCA41 /* Dev_OrthoDraw */ = {isa = PBXFileReference; explicitFileType = "compiled.mach-o.executable"; includeInIndex = 0; path = Dev_OrthoDraw; sourceTree = BUILT_PRODUCTS_DIR; };
		AFC2F3FD2D4D00A400FF8621 /* Reapr.hpp */ = {isa = PBXFileReference; lastKnownFileType = sourcecode.cpp.h; path = Reapr.hpp; sourceTree = "<group>"; xcLanguageSpecificationIdentifier = xcode.lang.cpp; };
		AFF305442B7ACE3B009ABC74 /* submodules */ = {isa = PBXFileReference; lastKnownFileType = folder; path = submodules; sourceTree = "<group>"; };
		AFF305482B7AF300009ABC74 /* Knoodle.hpp */ = {isa = PBXFileReference; lastKnownFileType = sourcecode.cpp.h; path = Knoodle.hpp; sourceTree = "<group>"; };
/* End PBXFileReference section */

/* Begin PBXFileSystemSynchronizedRootGroup section */
		AF05A27E2D6B573E0065E75A /* deps */ = {isa = PBXFileSystemSynchronizedRootGroup; explicitFileTypes = {}; explicitFolders = (); path = deps; sourceTree = "<group>"; };
		AF2D42532E3118C7004C6CE0 /* Dev_ClisbyTree */ = {isa = PBXFileSystemSynchronizedRootGroup; explicitFileTypes = {}; explicitFolders = (); path = Dev_ClisbyTree; sourceTree = "<group>"; };
		AF3B5BD92E36499C00A14D16 /* Dev_PlanarityChecker */ = {isa = PBXFileSystemSynchronizedRootGroup; explicitFileTypes = {}; explicitFolders = (); path = Dev_PlanarityChecker; sourceTree = "<group>"; };
		AF482C1B2D580BAA007CDB27 /* PolyFold_Kyoto */ = {isa = PBXFileSystemSynchronizedRootGroup; explicitFileTypes = {}; explicitFolders = (); path = PolyFold_Kyoto; sourceTree = "<group>"; };
		AF5FF6AE2DD27DCA0076AB0E /* Dev_CLP */ = {isa = PBXFileSystemSynchronizedRootGroup; explicitFileTypes = {}; explicitFolders = (); path = Dev_CLP; sourceTree = "<group>"; };
		AF6C85DD2E29315B0051B919 /* WorkBench */ = {isa = PBXFileSystemSynchronizedRootGroup; explicitFileTypes = {}; explicitFolders = (); path = WorkBench; sourceTree = "<group>"; };
		AF7FD1D62D87464900D802C0 /* PolyFold */ = {isa = PBXFileSystemSynchronizedRootGroup; explicitFileTypes = {}; explicitFolders = (); path = PolyFold; sourceTree = "<group>"; };
		AFBB9A9B2EF54467000CA528 /* Example_Knoodle */ = {isa = PBXFileSystemSynchronizedRootGroup; explicitFileTypes = {}; explicitFolders = (); path = Example_Knoodle; sourceTree = "<group>"; };
		AFBDADA82DECE2D9004BCA41 /* Dev_OrthoDraw */ = {isa = PBXFileSystemSynchronizedRootGroup; explicitFileTypes = {}; explicitFolders = (); path = Dev_OrthoDraw; sourceTree = "<group>"; };
/* End PBXFileSystemSynchronizedRootGroup section */

/* Begin PBXFrameworksBuildPhase section */
		AF2D424F2E3118C7004C6CE0 /* Frameworks */ = {
			isa = PBXFrameworksBuildPhase;
			buildActionMask = 2147483647;
			files = (
			);
			runOnlyForDeploymentPostprocessing = 0;
		};
		AF3B5BD52E36499C00A14D16 /* Frameworks */ = {
			isa = PBXFrameworksBuildPhase;
			buildActionMask = 2147483647;
			files = (
			);
			runOnlyForDeploymentPostprocessing = 0;
		};
		AF5FF6AA2DD27DCA0076AB0E /* Frameworks */ = {
			isa = PBXFrameworksBuildPhase;
			buildActionMask = 2147483647;
			files = (
			);
			runOnlyForDeploymentPostprocessing = 0;
		};
		AF6C85D92E29315B0051B919 /* Frameworks */ = {
			isa = PBXFrameworksBuildPhase;
			buildActionMask = 2147483647;
			files = (
			);
			runOnlyForDeploymentPostprocessing = 0;
		};
		AF7FD1D22D87464900D802C0 /* Frameworks */ = {
			isa = PBXFrameworksBuildPhase;
			buildActionMask = 2147483647;
			files = (
			);
			runOnlyForDeploymentPostprocessing = 0;
		};
		AFBB9A972EF54467000CA528 /* Frameworks */ = {
			isa = PBXFrameworksBuildPhase;
			buildActionMask = 2147483647;
			files = (
			);
			runOnlyForDeploymentPostprocessing = 0;
		};
		AFBDADA42DECE2D9004BCA41 /* Frameworks */ = {
			isa = PBXFrameworksBuildPhase;
			buildActionMask = 2147483647;
			files = (
			);
			runOnlyForDeploymentPostprocessing = 0;
		};
/* End PBXFrameworksBuildPhase section */

/* Begin PBXGroup section */
		AF5B87F22BAE053100CB5CAF /* Frameworks */ = {
			isa = PBXGroup;
			children = (
				AF5B87F32BAE053100CB5CAF /* Accelerate.framework */,
			);
			name = Frameworks;
			sourceTree = "<group>";
		};
		AF5BC0AA29D1AF1C008CA8B7 = {
			isa = PBXGroup;
			children = (
				AF05A27E2D6B573E0065E75A /* deps */,
				AFF305442B7ACE3B009ABC74 /* submodules */,
				AF5BC0BD29D1AF70008CA8B7 /* src */,
				AFF305482B7AF300009ABC74 /* Knoodle.hpp */,
				AFC2F3FD2D4D00A400FF8621 /* Reapr.hpp */,
				AF482C1B2D580BAA007CDB27 /* PolyFold_Kyoto */,
				AF7FD1D62D87464900D802C0 /* PolyFold */,
				AF5FF6AE2DD27DCA0076AB0E /* Dev_CLP */,
				AFBDADA82DECE2D9004BCA41 /* Dev_OrthoDraw */,
				AF6C85DD2E29315B0051B919 /* WorkBench */,
				AF2D42532E3118C7004C6CE0 /* Dev_ClisbyTree */,
				AF3B5BD92E36499C00A14D16 /* Dev_PlanarityChecker */,
				AFBB9A9B2EF54467000CA528 /* Example_Knoodle */,
				AF5BC0B429D1AF1C008CA8B7 /* Products */,
				AF5B87F22BAE053100CB5CAF /* Frameworks */,
			);
			sourceTree = "<group>";
		};
		AF5BC0B429D1AF1C008CA8B7 /* Products */ = {
			isa = PBXGroup;
			children = (
				AF7FD1D52D87464900D802C0 /* PolyFold */,
				AF5FF6AD2DD27DCA0076AB0E /* Dev_CLP */,
				AFBDADA72DECE2D9004BCA41 /* Dev_OrthoDraw */,
				AF6C85DC2E29315B0051B919 /* WorkBench */,
				AF2D42522E3118C7004C6CE0 /* Dev_ClisbyTree */,
				AF3B5BD82E36499C00A14D16 /* Dev_PlanarityChecker */,
				AFBB9A9A2EF54467000CA528 /* Example_Knoodle */,
			);
			name = Products;
			sourceTree = "<group>";
		};
/* End PBXGroup section */

/* Begin PBXNativeTarget section */
		AF2D42512E3118C7004C6CE0 /* Dev_ClisbyTree */ = {
			isa = PBXNativeTarget;
			buildConfigurationList = AF2D42562E3118C7004C6CE0 /* Build configuration list for PBXNativeTarget "Dev_ClisbyTree" */;
			buildPhases = (
				AF2D424E2E3118C7004C6CE0 /* Sources */,
				AF2D424F2E3118C7004C6CE0 /* Frameworks */,
				AF2D42502E3118C7004C6CE0 /* CopyFiles */,
			);
			buildRules = (
			);
			dependencies = (
			);
			fileSystemSynchronizedGroups = (
				AF2D42532E3118C7004C6CE0 /* Dev_ClisbyTree */,
			);
			name = Dev_ClisbyTree;
			packageProductDependencies = (
			);
			productName = Dev_ClisbyTree;
			productReference = AF2D42522E3118C7004C6CE0 /* Dev_ClisbyTree */;
			productType = "com.apple.product-type.tool";
		};
		AF3B5BD72E36499C00A14D16 /* Dev_PlanarityChecker */ = {
			isa = PBXNativeTarget;
			buildConfigurationList = AF3B5BDE2E36499C00A14D16 /* Build configuration list for PBXNativeTarget "Dev_PlanarityChecker" */;
			buildPhases = (
				AF3B5BD42E36499C00A14D16 /* Sources */,
				AF3B5BD52E36499C00A14D16 /* Frameworks */,
				AF3B5BD62E36499C00A14D16 /* CopyFiles */,
			);
			buildRules = (
			);
			dependencies = (
			);
			fileSystemSynchronizedGroups = (
				AF3B5BD92E36499C00A14D16 /* Dev_PlanarityChecker */,
			);
			name = Dev_PlanarityChecker;
			packageProductDependencies = (
			);
			productName = DevPlanarityChecker;
			productReference = AF3B5BD82E36499C00A14D16 /* Dev_PlanarityChecker */;
			productType = "com.apple.product-type.tool";
		};
		AF5FF6AC2DD27DCA0076AB0E /* Dev_CLP */ = {
			isa = PBXNativeTarget;
			buildConfigurationList = AF5FF6B32DD27DCA0076AB0E /* Build configuration list for PBXNativeTarget "Dev_CLP" */;
			buildPhases = (
				AF5FF6A92DD27DCA0076AB0E /* Sources */,
				AF5FF6AA2DD27DCA0076AB0E /* Frameworks */,
				AF5FF6AB2DD27DCA0076AB0E /* CopyFiles */,
			);
			buildRules = (
			);
			dependencies = (
			);
			fileSystemSynchronizedGroups = (
				AF5FF6AE2DD27DCA0076AB0E /* Dev_CLP */,
			);
			name = Dev_CLP;
			packageProductDependencies = (
			);
			productName = DevCLP;
			productReference = AF5FF6AD2DD27DCA0076AB0E /* Dev_CLP */;
			productType = "com.apple.product-type.tool";
		};
		AF6C85DB2E29315B0051B919 /* WorkBench */ = {
			isa = PBXNativeTarget;
			buildConfigurationList = AF6C85E22E29315B0051B919 /* Build configuration list for PBXNativeTarget "WorkBench" */;
			buildPhases = (
				AF6C85D82E29315B0051B919 /* Sources */,
				AF6C85D92E29315B0051B919 /* Frameworks */,
				AF6C85DA2E29315B0051B919 /* CopyFiles */,
			);
			buildRules = (
			);
			dependencies = (
			);
			fileSystemSynchronizedGroups = (
				AF6C85DD2E29315B0051B919 /* WorkBench */,
			);
			name = WorkBench;
			packageProductDependencies = (
			);
			productName = WorkBench;
			productReference = AF6C85DC2E29315B0051B919 /* WorkBench */;
			productType = "com.apple.product-type.tool";
		};
		AF7FD1D42D87464900D802C0 /* PolyFold */ = {
			isa = PBXNativeTarget;
			buildConfigurationList = AF7FD1D92D87464900D802C0 /* Build configuration list for PBXNativeTarget "PolyFold" */;
			buildPhases = (
				AF7FD1D12D87464900D802C0 /* Sources */,
				AF7FD1D22D87464900D802C0 /* Frameworks */,
				AF7FD1D32D87464900D802C0 /* CopyFiles */,
			);
			buildRules = (
			);
			dependencies = (
			);
			fileSystemSynchronizedGroups = (
				AF7FD1D62D87464900D802C0 /* PolyFold */,
			);
			name = PolyFold;
			packageProductDependencies = (
			);
			productName = PolyFold;
			productReference = AF7FD1D52D87464900D802C0 /* PolyFold */;
			productType = "com.apple.product-type.tool";
		};
		AFBB9A992EF54467000CA528 /* Example_Knoodle */ = {
			isa = PBXNativeTarget;
			buildConfigurationList = AFBB9A9E2EF54467000CA528 /* Build configuration list for PBXNativeTarget "Example_Knoodle" */;
			buildPhases = (
				AFBB9A962EF54467000CA528 /* Sources */,
				AFBB9A972EF54467000CA528 /* Frameworks */,
				AFBB9A982EF54467000CA528 /* CopyFiles */,
			);
			buildRules = (
			);
			dependencies = (
			);
			fileSystemSynchronizedGroups = (
				AFBB9A9B2EF54467000CA528 /* Example_Knoodle */,
			);
			name = Example_Knoodle;
			packageProductDependencies = (
			);
			productName = Example_Knoodle;
			productReference = AFBB9A9A2EF54467000CA528 /* Example_Knoodle */;
			productType = "com.apple.product-type.tool";
		};
		AFBDADA62DECE2D9004BCA41 /* Dev_OrthoDraw */ = {
			isa = PBXNativeTarget;
			buildConfigurationList = AFBDADAD2DECE2D9004BCA41 /* Build configuration list for PBXNativeTarget "Dev_OrthoDraw" */;
			buildPhases = (
				AFBDADA32DECE2D9004BCA41 /* Sources */,
				AFBDADA42DECE2D9004BCA41 /* Frameworks */,
				AFBDADA52DECE2D9004BCA41 /* CopyFiles */,
			);
			buildRules = (
			);
			dependencies = (
			);
			fileSystemSynchronizedGroups = (
				AFBDADA82DECE2D9004BCA41 /* Dev_OrthoDraw */,
			);
			name = Dev_OrthoDraw;
			packageProductDependencies = (
			);
			productName = Dev_OrthogonalRepresentation;
			productReference = AFBDADA72DECE2D9004BCA41 /* Dev_OrthoDraw */;
			productType = "com.apple.product-type.tool";
		};
/* End PBXNativeTarget section */

/* Begin PBXProject section */
		AF5BC0AB29D1AF1C008CA8B7 /* Project object */ = {
			isa = PBXProject;
			attributes = {
				BuildIndependentTargetsInParallel = 1;
				LastUpgradeCheck = 2620;
				TargetAttributes = {
					AF2D42512E3118C7004C6CE0 = {
						CreatedOnToolsVersion = 16.4;
					};
					AF3B5BD72E36499C00A14D16 = {
						CreatedOnToolsVersion = 16.4;
					};
					AF5FF6AC2DD27DCA0076AB0E = {
						CreatedOnToolsVersion = 16.3;
					};
					AF6C85DB2E29315B0051B919 = {
						CreatedOnToolsVersion = 16.4;
					};
					AF7FD1D42D87464900D802C0 = {
						CreatedOnToolsVersion = 16.2;
					};
					AFBB9A992EF54467000CA528 = {
						CreatedOnToolsVersion = 26.2;
					};
					AFBDADA62DECE2D9004BCA41 = {
						CreatedOnToolsVersion = 16.4;
					};
				};
			};
			buildConfigurationList = AF5BC0AE29D1AF1C008CA8B7 /* Build configuration list for PBXProject "Knoodle" */;
			compatibilityVersion = "Xcode 14.0";
			developmentRegion = en;
			hasScannedForEncodings = 0;
			knownRegions = (
				en,
				Base,
			);
			mainGroup = AF5BC0AA29D1AF1C008CA8B7;
			productRefGroup = AF5BC0B429D1AF1C008CA8B7 /* Products */;
			projectDirPath = "";
			projectRoot = "";
			targets = (
				AF7FD1D42D87464900D802C0 /* PolyFold */,
				AF5FF6AC2DD27DCA0076AB0E /* Dev_CLP */,
				AFBDADA62DECE2D9004BCA41 /* Dev_OrthoDraw */,
				AF6C85DB2E29315B0051B919 /* WorkBench */,
				AF2D42512E3118C7004C6CE0 /* Dev_ClisbyTree */,
				AF3B5BD72E36499C00A14D16 /* Dev_PlanarityChecker */,
				AFBB9A992EF54467000CA528 /* Example_Knoodle */,
			);
		};
/* End PBXProject section */

/* Begin PBXSourcesBuildPhase section */
		AF2D424E2E3118C7004C6CE0 /* Sources */ = {
			isa = PBXSourcesBuildPhase;
			buildActionMask = 2147483647;
			files = (
			);
			runOnlyForDeploymentPostprocessing = 0;
		};
		AF3B5BD42E36499C00A14D16 /* Sources */ = {
			isa = PBXSourcesBuildPhase;
			buildActionMask = 2147483647;
			files = (
			);
			runOnlyForDeploymentPostprocessing = 0;
		};
		AF5FF6A92DD27DCA0076AB0E /* Sources */ = {
			isa = PBXSourcesBuildPhase;
			buildActionMask = 2147483647;
			files = (
			);
			runOnlyForDeploymentPostprocessing = 0;
		};
		AF6C85D82E29315B0051B919 /* Sources */ = {
			isa = PBXSourcesBuildPhase;
			buildActionMask = 2147483647;
			files = (
			);
			runOnlyForDeploymentPostprocessing = 0;
		};
		AF7FD1D12D87464900D802C0 /* Sources */ = {
			isa = PBXSourcesBuildPhase;
			buildActionMask = 2147483647;
			files = (
			);
			runOnlyForDeploymentPostprocessing = 0;
		};
		AFBB9A962EF54467000CA528 /* Sources */ = {
			isa = PBXSourcesBuildPhase;
			buildActionMask = 2147483647;
			files = (
			);
			runOnlyForDeploymentPostprocessing = 0;
		};
		AFBDADA32DECE2D9004BCA41 /* Sources */ = {
			isa = PBXSourcesBuildPhase;
			buildActionMask = 2147483647;
			files = (
			);
			runOnlyForDeploymentPostprocessing = 0;
		};
/* End PBXSourcesBuildPhase section */

/* Begin XCBuildConfiguration section */
		AF2D42572E3118C7004C6CE0 /* Debug */ = {
			isa = XCBuildConfiguration;
			buildSettings = {
				ASSETCATALOG_COMPILER_GENERATE_SWIFT_ASSET_SYMBOL_EXTENSIONS = YES;
				CODE_SIGN_STYLE = Automatic;
				DEAD_CODE_STRIPPING = YES;
				DEVELOPMENT_TEAM = Y6DQ749ZRT;
				ENABLE_HARDENED_RUNTIME = NO;
				LOCALIZATION_PREFERS_STRING_CATALOGS = YES;
				MACOSX_DEPLOYMENT_TARGET = 15.5;
				PRODUCT_NAME = "$(TARGET_NAME)";
			};
			name = Debug;
		};
		AF2D42582E3118C7004C6CE0 /* Release */ = {
			isa = XCBuildConfiguration;
			buildSettings = {
				ASSETCATALOG_COMPILER_GENERATE_SWIFT_ASSET_SYMBOL_EXTENSIONS = YES;
				CODE_SIGN_STYLE = Automatic;
				DEAD_CODE_STRIPPING = YES;
				DEVELOPMENT_TEAM = Y6DQ749ZRT;
				ENABLE_HARDENED_RUNTIME = NO;
				LOCALIZATION_PREFERS_STRING_CATALOGS = YES;
				MACOSX_DEPLOYMENT_TARGET = 15.5;
				PRODUCT_NAME = "$(TARGET_NAME)";
			};
			name = Release;
		};
		AF3B5BDC2E36499C00A14D16 /* Debug */ = {
			isa = XCBuildConfiguration;
			buildSettings = {
				ASSETCATALOG_COMPILER_GENERATE_SWIFT_ASSET_SYMBOL_EXTENSIONS = YES;
				CLANG_WARN_DOCUMENTATION_COMMENTS = YES;
				CODE_SIGN_STYLE = Automatic;
				DEAD_CODE_STRIPPING = YES;
				DEVELOPMENT_TEAM = Y6DQ749ZRT;
				ENABLE_HARDENED_RUNTIME = NO;
				LOCALIZATION_PREFERS_STRING_CATALOGS = YES;
				MACOSX_DEPLOYMENT_TARGET = 15.5;
				PRODUCT_NAME = "$(TARGET_NAME)";
			};
			name = Debug;
		};
		AF3B5BDD2E36499C00A14D16 /* Release */ = {
			isa = XCBuildConfiguration;
			buildSettings = {
				ASSETCATALOG_COMPILER_GENERATE_SWIFT_ASSET_SYMBOL_EXTENSIONS = YES;
				CLANG_WARN_DOCUMENTATION_COMMENTS = YES;
				CODE_SIGN_STYLE = Automatic;
				DEAD_CODE_STRIPPING = YES;
				DEVELOPMENT_TEAM = Y6DQ749ZRT;
				ENABLE_HARDENED_RUNTIME = NO;
				LOCALIZATION_PREFERS_STRING_CATALOGS = YES;
				MACOSX_DEPLOYMENT_TARGET = 15.5;
				PRODUCT_NAME = "$(TARGET_NAME)";
			};
			name = Release;
		};
		AF5BC0B829D1AF1C008CA8B7 /* Debug */ = {
			isa = XCBuildConfiguration;
			buildSettings = {
				ALWAYS_SEARCH_USER_PATHS = NO;
				CLANG_ANALYZER_NONNULL = YES;
				CLANG_ANALYZER_NUMBER_OBJECT_CONVERSION = YES_AGGRESSIVE;
				CLANG_CXX_LANGUAGE_STANDARD = "gnu++20";
				CLANG_ENABLE_MODULES = YES;
				CLANG_ENABLE_OBJC_ARC = YES;
				CLANG_ENABLE_OBJC_WEAK = YES;
				CLANG_UNDEFINED_BEHAVIOR_SANITIZER_INTEGER = YES;
				CLANG_WARN_ASSIGN_ENUM = YES;
				CLANG_WARN_BLOCK_CAPTURE_AUTORELEASING = YES;
				CLANG_WARN_BOOL_CONVERSION = YES;
				CLANG_WARN_COMMA = YES;
				CLANG_WARN_CONSTANT_CONVERSION = YES;
				CLANG_WARN_DEPRECATED_OBJC_IMPLEMENTATIONS = YES;
				CLANG_WARN_DIRECT_OBJC_ISA_USAGE = YES_ERROR;
				CLANG_WARN_DOCUMENTATION_COMMENTS = NO;
				CLANG_WARN_EMPTY_BODY = YES;
				CLANG_WARN_ENUM_CONVERSION = YES;
				CLANG_WARN_IMPLICIT_FALLTHROUGH = YES;
				CLANG_WARN_IMPLICIT_SIGN_CONVERSION = YES;
				CLANG_WARN_INFINITE_RECURSION = YES;
				CLANG_WARN_INT_CONVERSION = YES;
				CLANG_WARN_NON_LITERAL_NULL_CONVERSION = YES;
				CLANG_WARN_OBJC_IMPLICIT_RETAIN_SELF = YES;
				CLANG_WARN_OBJC_LITERAL_CONVERSION = YES;
				CLANG_WARN_OBJC_ROOT_CLASS = YES_ERROR;
				CLANG_WARN_QUOTED_INCLUDE_IN_FRAMEWORK_HEADER = YES;
				CLANG_WARN_RANGE_LOOP_ANALYSIS = YES;
				CLANG_WARN_STRICT_PROTOTYPES = YES;
				CLANG_WARN_SUSPICIOUS_IMPLICIT_CONVERSION = YES;
				CLANG_WARN_SUSPICIOUS_MOVE = YES;
				CLANG_WARN_UNGUARDED_AVAILABILITY = YES_AGGRESSIVE;
				CLANG_WARN_UNREACHABLE_CODE = YES;
				CLANG_WARN__DUPLICATE_METHOD_MATCH = YES;
				CLANG_WARN__EXIT_TIME_DESTRUCTORS = NO;
				CODE_SIGN_IDENTITY = "-";
				COPY_PHASE_STRIP = NO;
				DEAD_CODE_STRIPPING = YES;
				DEBUG_INFORMATION_FORMAT = dwarf;
				DEVELOPMENT_TEAM = Y6DQ749ZRT;
				ENABLE_HARDENED_RUNTIME = NO;
				ENABLE_STRICT_OBJC_MSGSEND = YES;
				ENABLE_TESTABILITY = YES;
				ENABLE_USER_SCRIPT_SANDBOXING = YES;
				GCC_C_LANGUAGE_STANDARD = gnu17;
				GCC_DYNAMIC_NO_PIC = NO;
				GCC_NO_COMMON_BLOCKS = YES;
				GCC_OPTIMIZATION_LEVEL = 0;
				GCC_PREPROCESSOR_DEFINITIONS = (
					"DEBUG=1",
					"$(inherited)",
				);
				GCC_WARN_64_TO_32_BIT_CONVERSION = YES;
				GCC_WARN_ABOUT_RETURN_TYPE = YES_ERROR;
				GCC_WARN_HIDDEN_VIRTUAL_FUNCTIONS = YES;
				GCC_WARN_INITIALIZER_NOT_FULLY_BRACKETED = YES;
				GCC_WARN_NON_VIRTUAL_DESTRUCTOR = YES;
				GCC_WARN_PEDANTIC = YES;
				GCC_WARN_SHADOW = YES;
				GCC_WARN_SIGN_COMPARE = YES;
				GCC_WARN_UNDECLARED_SELECTOR = YES;
				GCC_WARN_UNINITIALIZED_AUTOS = YES_AGGRESSIVE;
				GCC_WARN_UNKNOWN_PRAGMAS = YES;
				GCC_WARN_UNUSED_FUNCTION = YES;
				GCC_WARN_UNUSED_VARIABLE = YES;
				HEADER_SEARCH_PATHS = (
					/opt/homebrew/include,
					/opt/homebrew/include/suitesparse,
					"submodules/Min-Cost-Flow-Class/OPTUtils",
					"submodules/Min-Cost-Flow-Class/MCFClass",
					"submodules/Min-Cost-Flow-Class/MCFSimplex",
					"/usr/local/include/coin-or",
				);
				LIBRARY_SEARCH_PATHS = (
					/usr/local/lib,
					/opt/homebrew/lib,
					"/opt/homebrew/opt/suite-sparse/lib",
				);
				MACOSX_DEPLOYMENT_TARGET = 13.1;
				MTL_ENABLE_DEBUG_INFO = INCLUDE_SOURCE;
				MTL_FAST_MATH = YES;
				ONLY_ACTIVE_ARCH = YES;
				OTHER_CPLUSPLUSFLAGS = (
					"$(OTHER_CFLAGS)",
					"-pthread",
					"-fenable-matrix",
					"-mcpu=native",
					"-mtune=native",
					"-flto",
					"-Wall",
					"-Wextra",
				);
				OTHER_LDFLAGS = (
					"-lamd",
					"-lCoinUtils",
					"-lClp",
					"-lumfpack",
				);
				SDKROOT = macosx;
				STRING_CATALOG_GENERATE_SYMBOLS = YES;
			};
			name = Debug;
		};
		AF5BC0B929D1AF1C008CA8B7 /* Release */ = {
			isa = XCBuildConfiguration;
			buildSettings = {
				ALWAYS_SEARCH_USER_PATHS = NO;
				CLANG_ANALYZER_NONNULL = YES;
				CLANG_ANALYZER_NUMBER_OBJECT_CONVERSION = YES_AGGRESSIVE;
				CLANG_CXX_LANGUAGE_STANDARD = "gnu++20";
				CLANG_ENABLE_MODULES = YES;
				CLANG_ENABLE_OBJC_ARC = YES;
				CLANG_ENABLE_OBJC_WEAK = YES;
				CLANG_UNDEFINED_BEHAVIOR_SANITIZER_INTEGER = YES;
				CLANG_WARN_ASSIGN_ENUM = YES;
				CLANG_WARN_BLOCK_CAPTURE_AUTORELEASING = YES;
				CLANG_WARN_BOOL_CONVERSION = YES;
				CLANG_WARN_COMMA = YES;
				CLANG_WARN_CONSTANT_CONVERSION = YES;
				CLANG_WARN_DEPRECATED_OBJC_IMPLEMENTATIONS = YES;
				CLANG_WARN_DIRECT_OBJC_ISA_USAGE = YES_ERROR;
				CLANG_WARN_DOCUMENTATION_COMMENTS = NO;
				CLANG_WARN_EMPTY_BODY = YES;
				CLANG_WARN_ENUM_CONVERSION = YES;
				CLANG_WARN_IMPLICIT_FALLTHROUGH = YES;
				CLANG_WARN_IMPLICIT_SIGN_CONVERSION = YES;
				CLANG_WARN_INFINITE_RECURSION = YES;
				CLANG_WARN_INT_CONVERSION = YES;
				CLANG_WARN_NON_LITERAL_NULL_CONVERSION = YES;
				CLANG_WARN_OBJC_IMPLICIT_RETAIN_SELF = YES;
				CLANG_WARN_OBJC_LITERAL_CONVERSION = YES;
				CLANG_WARN_OBJC_ROOT_CLASS = YES_ERROR;
				CLANG_WARN_QUOTED_INCLUDE_IN_FRAMEWORK_HEADER = YES;
				CLANG_WARN_RANGE_LOOP_ANALYSIS = YES;
				CLANG_WARN_STRICT_PROTOTYPES = YES;
				CLANG_WARN_SUSPICIOUS_IMPLICIT_CONVERSION = YES;
				CLANG_WARN_SUSPICIOUS_MOVE = YES;
				CLANG_WARN_UNGUARDED_AVAILABILITY = YES_AGGRESSIVE;
				CLANG_WARN_UNREACHABLE_CODE = YES;
				CLANG_WARN__DUPLICATE_METHOD_MATCH = YES;
				CLANG_WARN__EXIT_TIME_DESTRUCTORS = NO;
				CODE_SIGN_IDENTITY = "-";
				COPY_PHASE_STRIP = NO;
				DEAD_CODE_STRIPPING = YES;
				DEBUG_INFORMATION_FORMAT = "dwarf-with-dsym";
				DEVELOPMENT_TEAM = Y6DQ749ZRT;
				ENABLE_HARDENED_RUNTIME = NO;
				ENABLE_NS_ASSERTIONS = NO;
				ENABLE_STRICT_OBJC_MSGSEND = YES;
				ENABLE_USER_SCRIPT_SANDBOXING = YES;
				GCC_C_LANGUAGE_STANDARD = gnu17;
				GCC_NO_COMMON_BLOCKS = YES;
				GCC_OPTIMIZATION_LEVEL = 3;
				GCC_WARN_64_TO_32_BIT_CONVERSION = YES;
				GCC_WARN_ABOUT_RETURN_TYPE = YES_ERROR;
				GCC_WARN_HIDDEN_VIRTUAL_FUNCTIONS = YES;
				GCC_WARN_INITIALIZER_NOT_FULLY_BRACKETED = YES;
				GCC_WARN_NON_VIRTUAL_DESTRUCTOR = YES;
				GCC_WARN_PEDANTIC = YES;
				GCC_WARN_SHADOW = YES;
				GCC_WARN_SIGN_COMPARE = YES;
				GCC_WARN_UNDECLARED_SELECTOR = YES;
				GCC_WARN_UNINITIALIZED_AUTOS = YES_AGGRESSIVE;
				GCC_WARN_UNKNOWN_PRAGMAS = YES;
				GCC_WARN_UNUSED_FUNCTION = YES;
				GCC_WARN_UNUSED_VARIABLE = YES;
				HEADER_SEARCH_PATHS = (
					/opt/homebrew/include,
					/opt/homebrew/include/suitesparse,
					"submodules/Min-Cost-Flow-Class/OPTUtils",
					"submodules/Min-Cost-Flow-Class/MCFClass",
					"submodules/Min-Cost-Flow-Class/MCFSimplex",
					"/usr/local/include/coin-or",
				);
				LIBRARY_SEARCH_PATHS = (
					/usr/local/lib,
					/opt/homebrew/lib,
					"/opt/homebrew/opt/suite-sparse/lib",
				);
				MACOSX_DEPLOYMENT_TARGET = 13.1;
				MTL_ENABLE_DEBUG_INFO = NO;
				MTL_FAST_MATH = YES;
				OTHER_CPLUSPLUSFLAGS = (
					"$(OTHER_CFLAGS)",
					"-pthread",
					"-fenable-matrix",
					"-mcpu=native",
					"-mtune=native",
					"-flto",
					"-Wall",
					"-Wextra",
				);
				OTHER_LDFLAGS = (
					"-lamd",
					"-lCoinUtils",
					"-lClp",
					"-lumfpack",
				);
				SDKROOT = macosx;
				STRING_CATALOG_GENERATE_SYMBOLS = YES;
			};
			name = Release;
		};
		AF5FF6B12DD27DCA0076AB0E /* Debug */ = {
			isa = XCBuildConfiguration;
			buildSettings = {
				ASSETCATALOG_COMPILER_GENERATE_SWIFT_ASSET_SYMBOL_EXTENSIONS = YES;
				CLANG_WARN_FLOAT_CONVERSION = NO;
				CLANG_WARN_IMPLICIT_FALLTHROUGH = NO;
				CLANG_WARN_IMPLICIT_SIGN_CONVERSION = NO;
				CODE_SIGN_STYLE = Automatic;
				DEAD_CODE_STRIPPING = YES;
				DEVELOPMENT_TEAM = Y6DQ749ZRT;
				ENABLE_HARDENED_RUNTIME = NO;
				LOCALIZATION_PREFERS_STRING_CATALOGS = YES;
				MACOSX_DEPLOYMENT_TARGET = 15.4;
				OTHER_LDFLAGS = (
					"-lCoinUtils",
					"-lamd",
					"-lClp",
				);
				PRODUCT_NAME = "$(TARGET_NAME)";
			};
			name = Debug;
		};
		AF5FF6B22DD27DCA0076AB0E /* Release */ = {
			isa = XCBuildConfiguration;
			buildSettings = {
				ASSETCATALOG_COMPILER_GENERATE_SWIFT_ASSET_SYMBOL_EXTENSIONS = YES;
				CLANG_WARN_FLOAT_CONVERSION = NO;
				CLANG_WARN_IMPLICIT_FALLTHROUGH = NO;
				CLANG_WARN_IMPLICIT_SIGN_CONVERSION = NO;
				CODE_SIGN_STYLE = Automatic;
				DEAD_CODE_STRIPPING = YES;
				DEVELOPMENT_TEAM = Y6DQ749ZRT;
				ENABLE_HARDENED_RUNTIME = NO;
				LOCALIZATION_PREFERS_STRING_CATALOGS = YES;
				MACOSX_DEPLOYMENT_TARGET = 15.4;
				OTHER_LDFLAGS = (
					"-lCoinUtils",
					"-lamd",
					"-lClp",
				);
				PRODUCT_NAME = "$(TARGET_NAME)";
			};
			name = Release;
		};
		AF6C85E02E29315B0051B919 /* Debug */ = {
			isa = XCBuildConfiguration;
			buildSettings = {
				ASSETCATALOG_COMPILER_GENERATE_SWIFT_ASSET_SYMBOL_EXTENSIONS = YES;
				CODE_SIGN_STYLE = Automatic;
				DEAD_CODE_STRIPPING = YES;
				DEVELOPMENT_TEAM = Y6DQ749ZRT;
				ENABLE_HARDENED_RUNTIME = YES;
				LOCALIZATION_PREFERS_STRING_CATALOGS = YES;
				MACOSX_DEPLOYMENT_TARGET = 15.5;
				PRODUCT_NAME = "$(TARGET_NAME)";
			};
			name = Debug;
		};
		AF6C85E12E29315B0051B919 /* Release */ = {
			isa = XCBuildConfiguration;
			buildSettings = {
				ASSETCATALOG_COMPILER_GENERATE_SWIFT_ASSET_SYMBOL_EXTENSIONS = YES;
				CODE_SIGN_STYLE = Automatic;
				DEAD_CODE_STRIPPING = YES;
				DEVELOPMENT_TEAM = Y6DQ749ZRT;
				ENABLE_HARDENED_RUNTIME = YES;
				LOCALIZATION_PREFERS_STRING_CATALOGS = YES;
				MACOSX_DEPLOYMENT_TARGET = 15.5;
				PRODUCT_NAME = "$(TARGET_NAME)";
			};
			name = Release;
		};
		AF7FD1DA2D87464900D802C0 /* Debug */ = {
			isa = XCBuildConfiguration;
			buildSettings = {
				ASSETCATALOG_COMPILER_GENERATE_SWIFT_ASSET_SYMBOL_EXTENSIONS = YES;
				CODE_SIGN_STYLE = Automatic;
				DEAD_CODE_STRIPPING = YES;
				ENABLE_HARDENED_RUNTIME = NO;
				HEADER_SEARCH_PATHS = (
					/opt/homebrew/include,
					/opt/homebrew/include/suitesparse,
					"/usr/local/include/coin-or",
				);
				LIBRARY_SEARCH_PATHS = (
					/opt/homebrew/lib,
					"/opt/homebrew/opt/suite-sparse/lib",
				);
				LOCALIZATION_PREFERS_STRING_CATALOGS = YES;
				MACOSX_DEPLOYMENT_TARGET = 14.7;
				OTHER_CPLUSPLUSFLAGS = (
					"$(OTHER_CFLAGS)",
					"-pthread",
					"-fenable-matrix",
					"-mcpu=native",
					"-mtune=native",
					"-flto",
					"-Wall",
					"-Wextra",
					"-DPOLYFOLD_NO_QUATERNIONS",
				);
				OTHER_LDFLAGS = (
					"-lamd",
					"-lboost_program_options",
				);
				PRODUCT_NAME = "$(TARGET_NAME)";
			};
			name = Debug;
		};
		AF7FD1DB2D87464900D802C0 /* Release */ = {
			isa = XCBuildConfiguration;
			buildSettings = {
				ASSETCATALOG_COMPILER_GENERATE_SWIFT_ASSET_SYMBOL_EXTENSIONS = YES;
				CODE_SIGN_STYLE = Automatic;
				DEAD_CODE_STRIPPING = YES;
				ENABLE_HARDENED_RUNTIME = NO;
				HEADER_SEARCH_PATHS = (
					/opt/homebrew/include,
					/opt/homebrew/include/suitesparse,
					"/usr/local/include/coin-or",
				);
				LIBRARY_SEARCH_PATHS = (
					/opt/homebrew/lib,
					"/opt/homebrew/opt/suite-sparse/lib",
				);
				LOCALIZATION_PREFERS_STRING_CATALOGS = YES;
				MACOSX_DEPLOYMENT_TARGET = 14.7;
				OTHER_CPLUSPLUSFLAGS = (
					"$(OTHER_CFLAGS)",
					"-pthread",
					"-fenable-matrix",
					"-mcpu=native",
					"-mtune=native",
					"-flto",
					"-Wall",
					"-Wextra",
					"-DPOLYFOLD_NO_QUATERNIONS",
				);
				OTHER_LDFLAGS = (
					"-lamd",
					"-lboost_program_options",
				);
				PRODUCT_NAME = "$(TARGET_NAME)";
			};
			name = Release;
		};
		AFBB9A9F2EF54467000CA528 /* Debug */ = {
			isa = XCBuildConfiguration;
			buildSettings = {
				ASSETCATALOG_COMPILER_GENERATE_SWIFT_ASSET_SYMBOL_EXTENSIONS = YES;
				CLANG_WARN_DOCUMENTATION_COMMENTS = YES;
				CODE_SIGN_STYLE = Automatic;
				DEAD_CODE_STRIPPING = YES;
				DEVELOPMENT_TEAM = Y6DQ749ZRT;
				ENABLE_HARDENED_RUNTIME = NO;
				LOCALIZATION_PREFERS_STRING_CATALOGS = YES;
				MACOSX_DEPLOYMENT_TARGET = 15.7;
				PRODUCT_NAME = "$(TARGET_NAME)";
			};
			name = Debug;
		};
		AFBB9AA02EF54467000CA528 /* Release */ = {
			isa = XCBuildConfiguration;
			buildSettings = {
				ASSETCATALOG_COMPILER_GENERATE_SWIFT_ASSET_SYMBOL_EXTENSIONS = YES;
				CLANG_WARN_DOCUMENTATION_COMMENTS = YES;
				CODE_SIGN_STYLE = Automatic;
				DEAD_CODE_STRIPPING = YES;
				DEVELOPMENT_TEAM = Y6DQ749ZRT;
				ENABLE_HARDENED_RUNTIME = NO;
				LOCALIZATION_PREFERS_STRING_CATALOGS = YES;
				MACOSX_DEPLOYMENT_TARGET = 15.7;
				PRODUCT_NAME = "$(TARGET_NAME)";
			};
			name = Release;
		};
		AFBDADAB2DECE2D9004BCA41 /* Debug */ = {
			isa = XCBuildConfiguration;
			buildSettings = {
				ASSETCATALOG_COMPILER_GENERATE_SWIFT_ASSET_SYMBOL_EXTENSIONS = YES;
				CLANG_WARN_FLOAT_CONVERSION = NO;
				CLANG_WARN_IMPLICIT_FALLTHROUGH = NO;
				CLANG_WARN_IMPLICIT_SIGN_CONVERSION = NO;
				CODE_SIGN_STYLE = Automatic;
				DEAD_CODE_STRIPPING = YES;
				LOCALIZATION_PREFERS_STRING_CATALOGS = YES;
				MACOSX_DEPLOYMENT_TARGET = 15.5;
				OTHER_LDFLAGS = (
					"-lamd",
					"-lCoinUtils",
					"-lClp",
				);
				PRODUCT_NAME = "$(TARGET_NAME)";
			};
			name = Debug;
		};
		AFBDADAC2DECE2D9004BCA41 /* Release */ = {
			isa = XCBuildConfiguration;
			buildSettings = {
				ASSETCATALOG_COMPILER_GENERATE_SWIFT_ASSET_SYMBOL_EXTENSIONS = YES;
				CLANG_WARN_FLOAT_CONVERSION = NO;
				CLANG_WARN_IMPLICIT_FALLTHROUGH = NO;
				CLANG_WARN_IMPLICIT_SIGN_CONVERSION = NO;
				CODE_SIGN_STYLE = Automatic;
				DEAD_CODE_STRIPPING = YES;
				LOCALIZATION_PREFERS_STRING_CATALOGS = YES;
				MACOSX_DEPLOYMENT_TARGET = 15.5;
				OTHER_LDFLAGS = (
					"-lamd",
					"-lCoinUtils",
					"-lClp",
				);
				PRODUCT_NAME = "$(TARGET_NAME)";
			};
			name = Release;
		};
/* End XCBuildConfiguration section */

/* Begin XCConfigurationList section */
		AF2D42562E3118C7004C6CE0 /* Build configuration list for PBXNativeTarget "Dev_ClisbyTree" */ = {
			isa = XCConfigurationList;
			buildConfigurations = (
				AF2D42572E3118C7004C6CE0 /* Debug */,
				AF2D42582E3118C7004C6CE0 /* Release */,
			);
			defaultConfigurationIsVisible = 0;
			defaultConfigurationName = Release;
		};
		AF3B5BDE2E36499C00A14D16 /* Build configuration list for PBXNativeTarget "Dev_PlanarityChecker" */ = {
			isa = XCConfigurationList;
			buildConfigurations = (
				AF3B5BDC2E36499C00A14D16 /* Debug */,
				AF3B5BDD2E36499C00A14D16 /* Release */,
			);
			defaultConfigurationIsVisible = 0;
			defaultConfigurationName = Release;
		};
		AF5BC0AE29D1AF1C008CA8B7 /* Build configuration list for PBXProject "Knoodle" */ = {
			isa = XCConfigurationList;
			buildConfigurations = (
				AF5BC0B829D1AF1C008CA8B7 /* Debug */,
				AF5BC0B929D1AF1C008CA8B7 /* Release */,
			);
			defaultConfigurationIsVisible = 0;
			defaultConfigurationName = Release;
		};
		AF5FF6B32DD27DCA0076AB0E /* Build configuration list for PBXNativeTarget "Dev_CLP" */ = {
			isa = XCConfigurationList;
			buildConfigurations = (
				AF5FF6B12DD27DCA0076AB0E /* Debug */,
				AF5FF6B22DD27DCA0076AB0E /* Release */,
			);
			defaultConfigurationIsVisible = 0;
			defaultConfigurationName = Release;
		};
		AF6C85E22E29315B0051B919 /* Build configuration list for PBXNativeTarget "WorkBench" */ = {
			isa = XCConfigurationList;
			buildConfigurations = (
				AF6C85E02E29315B0051B919 /* Debug */,
				AF6C85E12E29315B0051B919 /* Release */,
			);
			defaultConfigurationIsVisible = 0;
			defaultConfigurationName = Release;
		};
		AF7FD1D92D87464900D802C0 /* Build configuration list for PBXNativeTarget "PolyFold" */ = {
			isa = XCConfigurationList;
			buildConfigurations = (
				AF7FD1DA2D87464900D802C0 /* Debug */,
				AF7FD1DB2D87464900D802C0 /* Release */,
			);
			defaultConfigurationIsVisible = 0;
			defaultConfigurationName = Release;
		};
		AFBB9A9E2EF54467000CA528 /* Build configuration list for PBXNativeTarget "Example_Knoodle" */ = {
			isa = XCConfigurationList;
			buildConfigurations = (
				AFBB9A9F2EF54467000CA528 /* Debug */,
				AFBB9AA02EF54467000CA528 /* Release */,
			);
			defaultConfigurationIsVisible = 0;
			defaultConfigurationName = Release;
		};
		AFBDADAD2DECE2D9004BCA41 /* Build configuration list for PBXNativeTarget "Dev_OrthoDraw" */ = {
			isa = XCConfigurationList;
			buildConfigurations = (
				AFBDADAB2DECE2D9004BCA41 /* Debug */,
				AFBDADAC2DECE2D9004BCA41 /* Release */,
			);
			defaultConfigurationIsVisible = 0;
			defaultConfigurationName = Release;
		};
/* End XCConfigurationList section */
	};
	rootObject = AF5BC0AB29D1AF1C008CA8B7 /* Project object */;
}
