// !$*UTF8*$!
{
	archiveVersion = 1;
	classes = {
	};
	objectVersion = 70;
	objects = {

/* Begin PBXBuildFile section */
		AF5B87F42BAE053100CB5CAF /* Accelerate.framework in Frameworks */ = {isa = PBXBuildFile; fileRef = AF5B87F32BAE053100CB5CAF /* Accelerate.framework */; };
		AFF305502B7AF4E2009ABC74 /* main.cpp in Sources */ = {isa = PBXBuildFile; fileRef = AFF3054F2B7AF4E2009ABC74 /* main.cpp */; };
/* End PBXBuildFile section */

/* Begin PBXCopyFilesBuildPhase section */
		AF482C182D580BAA007CDB27 /* CopyFiles */ = {
			isa = PBXCopyFilesBuildPhase;
			buildActionMask = 2147483647;
			dstPath = /usr/share/man/man1/;
			dstSubfolderSpec = 0;
			files = (
			);
			runOnlyForDeploymentPostprocessing = 1;
		};
		AFC2F3EF2D4AC2E900FF8621 /* CopyFiles */ = {
			isa = PBXCopyFilesBuildPhase;
			buildActionMask = 2147483647;
			dstPath = /usr/share/man/man1/;
			dstSubfolderSpec = 0;
			files = (
			);
			runOnlyForDeploymentPostprocessing = 1;
		};
		AFF3054B2B7AF4E2009ABC74 /* CopyFiles */ = {
			isa = PBXCopyFilesBuildPhase;
			buildActionMask = 2147483647;
			dstPath = /usr/share/man/man1/;
			dstSubfolderSpec = 0;
			files = (
			);
			runOnlyForDeploymentPostprocessing = 1;
		};
/* End PBXCopyFilesBuildPhase section */

/* Begin PBXFileReference section */
		AF482C1A2D580BAA007CDB27 /* PolyFold_Kyoto */ = {isa = PBXFileReference; explicitFileType = "compiled.mach-o.executable"; includeInIndex = 0; path = PolyFold_Kyoto; sourceTree = BUILT_PRODUCTS_DIR; };
		AF5B87F32BAE053100CB5CAF /* Accelerate.framework */ = {isa = PBXFileReference; lastKnownFileType = wrapper.framework; name = Accelerate.framework; path = System/Library/Frameworks/Accelerate.framework; sourceTree = SDKROOT; };
		AF5BC0BD29D1AF70008CA8B7 /* src */ = {isa = PBXFileReference; lastKnownFileType = folder; path = src; sourceTree = "<group>"; };
		AFC2F3F12D4AC2E900FF8621 /* Test_ClisbyTree */ = {isa = PBXFileReference; explicitFileType = "compiled.mach-o.executable"; includeInIndex = 0; path = Test_ClisbyTree; sourceTree = BUILT_PRODUCTS_DIR; };
		AFC2F3FD2D4D00A400FF8621 /* ReAPr.hpp */ = {isa = PBXFileReference; lastKnownFileType = sourcecode.cpp.h; path = ReAPr.hpp; sourceTree = "<group>"; xcLanguageSpecificationIdentifier = xcode.lang.cpp; };
		AFF305442B7ACE3B009ABC74 /* submodules */ = {isa = PBXFileReference; lastKnownFileType = folder; path = submodules; sourceTree = "<group>"; };
		AFF305482B7AF300009ABC74 /* KnotTools.hpp */ = {isa = PBXFileReference; lastKnownFileType = sourcecode.cpp.h; path = KnotTools.hpp; sourceTree = "<group>"; };
		AFF3054D2B7AF4E2009ABC74 /* Test_Link_2D */ = {isa = PBXFileReference; explicitFileType = "compiled.mach-o.executable"; includeInIndex = 0; path = Test_Link_2D; sourceTree = BUILT_PRODUCTS_DIR; };
		AFF3054F2B7AF4E2009ABC74 /* main.cpp */ = {isa = PBXFileReference; lastKnownFileType = sourcecode.cpp.cpp; path = main.cpp; sourceTree = "<group>"; };
/* End PBXFileReference section */

/* Begin PBXFileSystemSynchronizedBuildFileExceptionSet section */
		AF6D57A82D5FFAF300F6880C /* PBXFileSystemSynchronizedBuildFileExceptionSet */ = {
			isa = PBXFileSystemSynchronizedBuildFileExceptionSet;
			membershipExceptions = (
				main_Kopie.cpp,
			);
			target = AFC2F3F02D4AC2E900FF8621 /* Test_ClisbyTree */;
		};
/* End PBXFileSystemSynchronizedBuildFileExceptionSet section */

/* Begin PBXFileSystemSynchronizedRootGroup section */
		AF482C1B2D580BAA007CDB27 /* PolyFold_Kyoto */ = {isa = PBXFileSystemSynchronizedRootGroup; explicitFileTypes = {}; explicitFolders = (); path = PolyFold_Kyoto; sourceTree = "<group>"; };
		AFC2F3F22D4AC2E900FF8621 /* Test_ClisbyTree */ = {isa = PBXFileSystemSynchronizedRootGroup; exceptions = (AF6D57A82D5FFAF300F6880C /* PBXFileSystemSynchronizedBuildFileExceptionSet */, ); explicitFileTypes = {}; explicitFolders = (); path = Test_ClisbyTree; sourceTree = "<group>"; };
/* End PBXFileSystemSynchronizedRootGroup section */

/* Begin PBXFrameworksBuildPhase section */
		AF482C172D580BAA007CDB27 /* Frameworks */ = {
			isa = PBXFrameworksBuildPhase;
			buildActionMask = 2147483647;
			files = (
			);
			runOnlyForDeploymentPostprocessing = 0;
		};
		AFC2F3EE2D4AC2E900FF8621 /* Frameworks */ = {
			isa = PBXFrameworksBuildPhase;
			buildActionMask = 2147483647;
			files = (
			);
			runOnlyForDeploymentPostprocessing = 0;
		};
		AFF3054A2B7AF4E2009ABC74 /* Frameworks */ = {
			isa = PBXFrameworksBuildPhase;
			buildActionMask = 2147483647;
			files = (
				AF5B87F42BAE053100CB5CAF /* Accelerate.framework in Frameworks */,
			);
			runOnlyForDeploymentPostprocessing = 0;
		};
/* End PBXFrameworksBuildPhase section */

/* Begin PBXGroup section */
		AF5B87F22BAE053100CB5CAF /* Frameworks */ = {
			isa = PBXGroup;
			children = (
				AF5B87F32BAE053100CB5CAF /* Accelerate.framework */,
			);
			name = Frameworks;
			sourceTree = "<group>";
		};
		AF5BC0AA29D1AF1C008CA8B7 = {
			isa = PBXGroup;
			children = (
				AFF305442B7ACE3B009ABC74 /* submodules */,
				AF5BC0BD29D1AF70008CA8B7 /* src */,
				AFF305482B7AF300009ABC74 /* KnotTools.hpp */,
				AFC2F3FD2D4D00A400FF8621 /* ReAPr.hpp */,
				AFF3054E2B7AF4E2009ABC74 /* Test_Link_2D */,
				AFC2F3F22D4AC2E900FF8621 /* Test_ClisbyTree */,
				AF482C1B2D580BAA007CDB27 /* PolyFold_Kyoto */,
				AF5BC0B429D1AF1C008CA8B7 /* Products */,
				AF5B87F22BAE053100CB5CAF /* Frameworks */,
			);
			sourceTree = "<group>";
		};
		AF5BC0B429D1AF1C008CA8B7 /* Products */ = {
			isa = PBXGroup;
			children = (
				AFF3054D2B7AF4E2009ABC74 /* Test_Link_2D */,
				AFC2F3F12D4AC2E900FF8621 /* Test_ClisbyTree */,
				AF482C1A2D580BAA007CDB27 /* PolyFold_Kyoto */,
			);
			name = Products;
			sourceTree = "<group>";
		};
		AFF3054E2B7AF4E2009ABC74 /* Test_Link_2D */ = {
			isa = PBXGroup;
			children = (
				AFF3054F2B7AF4E2009ABC74 /* main.cpp */,
			);
			path = Test_Link_2D;
			sourceTree = "<group>";
		};
/* End PBXGroup section */

/* Begin PBXNativeTarget section */
		AF482C192D580BAA007CDB27 /* PolyFold_Kyoto */ = {
			isa = PBXNativeTarget;
			buildConfigurationList = AF482C1E2D580BAA007CDB27 /* Build configuration list for PBXNativeTarget "PolyFold_Kyoto" */;
			buildPhases = (
				AF482C162D580BAA007CDB27 /* Sources */,
				AF482C172D580BAA007CDB27 /* Frameworks */,
				AF482C182D580BAA007CDB27 /* CopyFiles */,
			);
			buildRules = (
			);
			dependencies = (
			);
			fileSystemSynchronizedGroups = (
				AF482C1B2D580BAA007CDB27 /* PolyFold_Kyoto */,
			);
			name = PolyFold_Kyoto;
			packageProductDependencies = (
			);
			productName = PolyFold_Kyoto;
			productReference = AF482C1A2D580BAA007CDB27 /* PolyFold_Kyoto */;
			productType = "com.apple.product-type.tool";
		};
		AFC2F3F02D4AC2E900FF8621 /* Test_ClisbyTree */ = {
			isa = PBXNativeTarget;
			buildConfigurationList = AFC2F3F72D4AC2E900FF8621 /* Build configuration list for PBXNativeTarget "Test_ClisbyTree" */;
			buildPhases = (
				AFC2F3ED2D4AC2E900FF8621 /* Sources */,
				AFC2F3EE2D4AC2E900FF8621 /* Frameworks */,
				AFC2F3EF2D4AC2E900FF8621 /* CopyFiles */,
			);
			buildRules = (
			);
			dependencies = (
			);
			fileSystemSynchronizedGroups = (
				AFC2F3F22D4AC2E900FF8621 /* Test_ClisbyTree */,
			);
			name = Test_ClisbyTree;
			packageProductDependencies = (
			);
			productName = Test_ClisbyTree;
			productReference = AFC2F3F12D4AC2E900FF8621 /* Test_ClisbyTree */;
			productType = "com.apple.product-type.tool";
		};
		AFF3054C2B7AF4E2009ABC74 /* Test_Link_2D */ = {
			isa = PBXNativeTarget;
			buildConfigurationList = AFF305512B7AF4E2009ABC74 /* Build configuration list for PBXNativeTarget "Test_Link_2D" */;
			buildPhases = (
				AFF305492B7AF4E2009ABC74 /* Sources */,
				AFF3054A2B7AF4E2009ABC74 /* Frameworks */,
				AFF3054B2B7AF4E2009ABC74 /* CopyFiles */,
			);
			buildRules = (
			);
			dependencies = (
			);
			name = Test_Link_2D;
			productName = Test_Link_2D;
			productReference = AFF3054D2B7AF4E2009ABC74 /* Test_Link_2D */;
			productType = "com.apple.product-type.tool";
		};
/* End PBXNativeTarget section */

/* Begin PBXProject section */
		AF5BC0AB29D1AF1C008CA8B7 /* Project object */ = {
			isa = PBXProject;
			attributes = {
				BuildIndependentTargetsInParallel = 1;
				LastUpgradeCheck = 1620;
				TargetAttributes = {
					AF482C192D580BAA007CDB27 = {
						CreatedOnToolsVersion = 16.2;
					};
					AFC2F3F02D4AC2E900FF8621 = {
						CreatedOnToolsVersion = 16.2;
						LastSwiftMigration = 1620;
					};
					AFF3054C2B7AF4E2009ABC74 = {
						CreatedOnToolsVersion = 15.2;
					};
				};
			};
			buildConfigurationList = AF5BC0AE29D1AF1C008CA8B7 /* Build configuration list for PBXProject "KnotTools" */;
			compatibilityVersion = "Xcode 14.0";
			developmentRegion = en;
			hasScannedForEncodings = 0;
			knownRegions = (
				en,
				Base,
			);
			mainGroup = AF5BC0AA29D1AF1C008CA8B7;
			productRefGroup = AF5BC0B429D1AF1C008CA8B7 /* Products */;
			projectDirPath = "";
			projectRoot = "";
			targets = (
				AFF3054C2B7AF4E2009ABC74 /* Test_Link_2D */,
				AFC2F3F02D4AC2E900FF8621 /* Test_ClisbyTree */,
				AF482C192D580BAA007CDB27 /* PolyFold_Kyoto */,
			);
		};
/* End PBXProject section */

/* Begin PBXSourcesBuildPhase section */
		AF482C162D580BAA007CDB27 /* Sources */ = {
			isa = PBXSourcesBuildPhase;
			buildActionMask = 2147483647;
			files = (
			);
			runOnlyForDeploymentPostprocessing = 0;
		};
		AFC2F3ED2D4AC2E900FF8621 /* Sources */ = {
			isa = PBXSourcesBuildPhase;
			buildActionMask = 2147483647;
			files = (
			);
			runOnlyForDeploymentPostprocessing = 0;
		};
		AFF305492B7AF4E2009ABC74 /* Sources */ = {
			isa = PBXSourcesBuildPhase;
			buildActionMask = 2147483647;
			files = (
				AFF305502B7AF4E2009ABC74 /* main.cpp in Sources */,
			);
			runOnlyForDeploymentPostprocessing = 0;
		};
/* End PBXSourcesBuildPhase section */

/* Begin XCBuildConfiguration section */
		AF482C1F2D580BAA007CDB27 /* Debug */ = {
			isa = XCBuildConfiguration;
			buildSettings = {
				ASSETCATALOG_COMPILER_GENERATE_SWIFT_ASSET_SYMBOL_EXTENSIONS = YES;
				CODE_SIGN_STYLE = Automatic;
				DEVELOPMENT_TEAM = Y6DQ749ZRT;
				GCC_C_LANGUAGE_STANDARD = gnu17;
				LOCALIZATION_PREFERS_STRING_CATALOGS = YES;
				MACOSX_DEPLOYMENT_TARGET = 14.7;
				OTHER_LDFLAGS = "-lboost_program_options";
				PRODUCT_NAME = "$(TARGET_NAME)";
			};
			name = Debug;
		};
		AF482C202D580BAA007CDB27 /* Release */ = {
			isa = XCBuildConfiguration;
			buildSettings = {
				ASSETCATALOG_COMPILER_GENERATE_SWIFT_ASSET_SYMBOL_EXTENSIONS = YES;
				CODE_SIGN_STYLE = Automatic;
				DEVELOPMENT_TEAM = Y6DQ749ZRT;
				GCC_C_LANGUAGE_STANDARD = gnu17;
				LOCALIZATION_PREFERS_STRING_CATALOGS = YES;
				MACOSX_DEPLOYMENT_TARGET = 14.7;
				OTHER_LDFLAGS = "-lboost_program_options";
				PRODUCT_NAME = "$(TARGET_NAME)";
			};
			name = Release;
		};
		AF5BC0B829D1AF1C008CA8B7 /* Debug */ = {
			isa = XCBuildConfiguration;
			buildSettings = {
				ALWAYS_SEARCH_USER_PATHS = NO;
				CLANG_ANALYZER_NONNULL = YES;
				CLANG_ANALYZER_NUMBER_OBJECT_CONVERSION = YES_AGGRESSIVE;
				CLANG_CXX_LANGUAGE_STANDARD = "gnu++20";
				CLANG_ENABLE_MODULES = YES;
				CLANG_ENABLE_OBJC_ARC = YES;
				CLANG_ENABLE_OBJC_WEAK = YES;
				CLANG_WARN_ASSIGN_ENUM = YES;
				CLANG_WARN_BLOCK_CAPTURE_AUTORELEASING = YES;
				CLANG_WARN_BOOL_CONVERSION = YES;
				CLANG_WARN_COMMA = YES;
				CLANG_WARN_CONSTANT_CONVERSION = YES;
				CLANG_WARN_DEPRECATED_OBJC_IMPLEMENTATIONS = YES;
				CLANG_WARN_DIRECT_OBJC_ISA_USAGE = YES_ERROR;
				CLANG_WARN_DOCUMENTATION_COMMENTS = YES;
				CLANG_WARN_EMPTY_BODY = YES;
				CLANG_WARN_ENUM_CONVERSION = YES;
				CLANG_WARN_IMPLICIT_SIGN_CONVERSION = YES;
				CLANG_WARN_INFINITE_RECURSION = YES;
				CLANG_WARN_INT_CONVERSION = YES;
				CLANG_WARN_NON_LITERAL_NULL_CONVERSION = YES;
				CLANG_WARN_OBJC_IMPLICIT_RETAIN_SELF = YES;
				CLANG_WARN_OBJC_LITERAL_CONVERSION = YES;
				CLANG_WARN_OBJC_ROOT_CLASS = YES_ERROR;
				CLANG_WARN_QUOTED_INCLUDE_IN_FRAMEWORK_HEADER = YES;
				CLANG_WARN_RANGE_LOOP_ANALYSIS = YES;
				CLANG_WARN_STRICT_PROTOTYPES = YES;
				CLANG_WARN_SUSPICIOUS_MOVE = YES;
				CLANG_WARN_UNGUARDED_AVAILABILITY = YES_AGGRESSIVE;
				CLANG_WARN_UNREACHABLE_CODE = YES;
				CLANG_WARN__DUPLICATE_METHOD_MATCH = YES;
				CODE_SIGN_IDENTITY = "-";
				COPY_PHASE_STRIP = NO;
				DEAD_CODE_STRIPPING = YES;
				DEBUG_INFORMATION_FORMAT = dwarf;
				ENABLE_HARDENED_RUNTIME = NO;
				ENABLE_STRICT_OBJC_MSGSEND = YES;
				ENABLE_TESTABILITY = YES;
				ENABLE_USER_SCRIPT_SANDBOXING = YES;
				GCC_C_LANGUAGE_STANDARD = gnu11;
				GCC_DYNAMIC_NO_PIC = NO;
				GCC_NO_COMMON_BLOCKS = YES;
				GCC_OPTIMIZATION_LEVEL = 0;
				GCC_PREPROCESSOR_DEFINITIONS = (
					"DEBUG=1",
					"$(inherited)",
				);
				GCC_WARN_64_TO_32_BIT_CONVERSION = YES;
				GCC_WARN_ABOUT_RETURN_TYPE = YES_ERROR;
				GCC_WARN_SHADOW = YES;
				GCC_WARN_UNDECLARED_SELECTOR = YES;
				GCC_WARN_UNINITIALIZED_AUTOS = YES_AGGRESSIVE;
				GCC_WARN_UNUSED_FUNCTION = YES;
				GCC_WARN_UNUSED_VARIABLE = YES;
				HEADER_SEARCH_PATHS = (
					/opt/homebrew/include,
					"/opt/homebrew/Cellar/suite-sparse/7.8.3/include/suitesparse",
				);
				LIBRARY_SEARCH_PATHS = (
					/opt/homebrew/lib,
					"/opt/homebrew/Cellar/suite-sparse/7.8.3/lib",
				);
				MACOSX_DEPLOYMENT_TARGET = 13.1;
				MTL_ENABLE_DEBUG_INFO = INCLUDE_SOURCE;
				MTL_FAST_MATH = YES;
				ONLY_ACTIVE_ARCH = YES;
				OTHER_CPLUSPLUSFLAGS = (
					"$(OTHER_CFLAGS)",
					"-pthread",
					"-fenable-matrix",
					"-mcpu=native",
					"-mtune=native",
					"-flto",
				);
				OTHER_LDFLAGS = "-lamd";
				SDKROOT = macosx;
			};
			name = Debug;
		};
		AF5BC0B929D1AF1C008CA8B7 /* Release */ = {
			isa = XCBuildConfiguration;
			buildSettings = {
				ALWAYS_SEARCH_USER_PATHS = NO;
				CLANG_ANALYZER_NONNULL = YES;
				CLANG_ANALYZER_NUMBER_OBJECT_CONVERSION = YES_AGGRESSIVE;
				CLANG_CXX_LANGUAGE_STANDARD = "gnu++20";
				CLANG_ENABLE_MODULES = YES;
				CLANG_ENABLE_OBJC_ARC = YES;
				CLANG_ENABLE_OBJC_WEAK = YES;
				CLANG_WARN_ASSIGN_ENUM = YES;
				CLANG_WARN_BLOCK_CAPTURE_AUTORELEASING = YES;
				CLANG_WARN_BOOL_CONVERSION = YES;
				CLANG_WARN_COMMA = YES;
				CLANG_WARN_CONSTANT_CONVERSION = YES;
				CLANG_WARN_DEPRECATED_OBJC_IMPLEMENTATIONS = YES;
				CLANG_WARN_DIRECT_OBJC_ISA_USAGE = YES_ERROR;
				CLANG_WARN_DOCUMENTATION_COMMENTS = YES;
				CLANG_WARN_EMPTY_BODY = YES;
				CLANG_WARN_ENUM_CONVERSION = YES;
				CLANG_WARN_IMPLICIT_SIGN_CONVERSION = YES;
				CLANG_WARN_INFINITE_RECURSION = YES;
				CLANG_WARN_INT_CONVERSION = YES;
				CLANG_WARN_NON_LITERAL_NULL_CONVERSION = YES;
				CLANG_WARN_OBJC_IMPLICIT_RETAIN_SELF = YES;
				CLANG_WARN_OBJC_LITERAL_CONVERSION = YES;
				CLANG_WARN_OBJC_ROOT_CLASS = YES_ERROR;
				CLANG_WARN_QUOTED_INCLUDE_IN_FRAMEWORK_HEADER = YES;
				CLANG_WARN_RANGE_LOOP_ANALYSIS = YES;
				CLANG_WARN_STRICT_PROTOTYPES = YES;
				CLANG_WARN_SUSPICIOUS_MOVE = YES;
				CLANG_WARN_UNGUARDED_AVAILABILITY = YES_AGGRESSIVE;
				CLANG_WARN_UNREACHABLE_CODE = YES;
				CLANG_WARN__DUPLICATE_METHOD_MATCH = YES;
				CODE_SIGN_IDENTITY = "-";
				COPY_PHASE_STRIP = NO;
				DEAD_CODE_STRIPPING = YES;
				DEBUG_INFORMATION_FORMAT = "dwarf-with-dsym";
				ENABLE_HARDENED_RUNTIME = NO;
				ENABLE_NS_ASSERTIONS = NO;
				ENABLE_STRICT_OBJC_MSGSEND = YES;
				ENABLE_USER_SCRIPT_SANDBOXING = YES;
				GCC_C_LANGUAGE_STANDARD = gnu11;
				GCC_NO_COMMON_BLOCKS = YES;
				GCC_OPTIMIZATION_LEVEL = fast;
				GCC_WARN_64_TO_32_BIT_CONVERSION = YES;
				GCC_WARN_ABOUT_RETURN_TYPE = YES_ERROR;
				GCC_WARN_SHADOW = YES;
				GCC_WARN_UNDECLARED_SELECTOR = YES;
				GCC_WARN_UNINITIALIZED_AUTOS = YES_AGGRESSIVE;
				GCC_WARN_UNUSED_FUNCTION = YES;
				GCC_WARN_UNUSED_VARIABLE = YES;
				HEADER_SEARCH_PATHS = (
					/opt/homebrew/include,
					"/opt/homebrew/Cellar/suite-sparse/7.8.3/include/suitesparse",
				);
				LIBRARY_SEARCH_PATHS = (
					/opt/homebrew/lib,
					"/opt/homebrew/Cellar/suite-sparse/7.8.3/lib",
				);
				MACOSX_DEPLOYMENT_TARGET = 13.1;
				MTL_ENABLE_DEBUG_INFO = NO;
				MTL_FAST_MATH = YES;
				OTHER_CPLUSPLUSFLAGS = (
					"$(OTHER_CFLAGS)",
					"-pthread",
					"-fenable-matrix",
					"-mcpu=native",
					"-mtune=native",
					"-flto",
				);
				OTHER_LDFLAGS = "-lamd";
				SDKROOT = macosx;
			};
			name = Release;
		};
		AFC2F3F52D4AC2E900FF8621 /* Debug */ = {
			isa = XCBuildConfiguration;
			buildSettings = {
				ASSETCATALOG_COMPILER_GENERATE_SWIFT_ASSET_SYMBOL_EXTENSIONS = YES;
				CLANG_ENABLE_MODULES = YES;
				CODE_SIGN_STYLE = Automatic;
				DEVELOPMENT_TEAM = Y6DQ749ZRT;
				GCC_C_LANGUAGE_STANDARD = gnu17;
				LOCALIZATION_PREFERS_STRING_CATALOGS = YES;
				MACOSX_DEPLOYMENT_TARGET = 14.7;
				OTHER_LDFLAGS = "-lboost_program_options";
				PRODUCT_NAME = "$(TARGET_NAME)";
				SWIFT_OPTIMIZATION_LEVEL = "-Onone";
				SWIFT_VERSION = 6.0;
			};
			name = Debug;
		};
		AFC2F3F62D4AC2E900FF8621 /* Release */ = {
			isa = XCBuildConfiguration;
			buildSettings = {
				ASSETCATALOG_COMPILER_GENERATE_SWIFT_ASSET_SYMBOL_EXTENSIONS = YES;
				CLANG_ENABLE_MODULES = YES;
				CODE_SIGN_STYLE = Automatic;
				DEVELOPMENT_TEAM = Y6DQ749ZRT;
				GCC_C_LANGUAGE_STANDARD = gnu17;
				LOCALIZATION_PREFERS_STRING_CATALOGS = YES;
				MACOSX_DEPLOYMENT_TARGET = 14.7;
				OTHER_LDFLAGS = "-lboost_program_options";
				PRODUCT_NAME = "$(TARGET_NAME)";
				SWIFT_VERSION = 6.0;
			};
			name = Release;
		};
		AFF305522B7AF4E2009ABC74 /* Debug */ = {
			isa = XCBuildConfiguration;
			buildSettings = {
				ASSETCATALOG_COMPILER_GENERATE_SWIFT_ASSET_SYMBOL_EXTENSIONS = YES;
				CODE_SIGN_STYLE = Automatic;
				DEVELOPMENT_TEAM = Y6DQ749ZRT;
				GCC_C_LANGUAGE_STANDARD = gnu17;
				LOCALIZATION_PREFERS_STRING_CATALOGS = YES;
				MACOSX_DEPLOYMENT_TARGET = 14.2;
				PRODUCT_NAME = "$(TARGET_NAME)";
			};
			name = Debug;
		};
		AFF305532B7AF4E2009ABC74 /* Release */ = {
			isa = XCBuildConfiguration;
			buildSettings = {
				ASSETCATALOG_COMPILER_GENERATE_SWIFT_ASSET_SYMBOL_EXTENSIONS = YES;
				CODE_SIGN_STYLE = Automatic;
				DEVELOPMENT_TEAM = Y6DQ749ZRT;
				GCC_C_LANGUAGE_STANDARD = gnu17;
				LOCALIZATION_PREFERS_STRING_CATALOGS = YES;
				MACOSX_DEPLOYMENT_TARGET = 14.2;
				PRODUCT_NAME = "$(TARGET_NAME)";
			};
			name = Release;
		};
/* End XCBuildConfiguration section */

/* Begin XCConfigurationList section */
		AF482C1E2D580BAA007CDB27 /* Build configuration list for PBXNativeTarget "PolyFold_Kyoto" */ = {
			isa = XCConfigurationList;
			buildConfigurations = (
				AF482C1F2D580BAA007CDB27 /* Debug */,
				AF482C202D580BAA007CDB27 /* Release */,
			);
			defaultConfigurationIsVisible = 0;
			defaultConfigurationName = Release;
		};
		AF5BC0AE29D1AF1C008CA8B7 /* Build configuration list for PBXProject "KnotTools" */ = {
			isa = XCConfigurationList;
			buildConfigurations = (
				AF5BC0B829D1AF1C008CA8B7 /* Debug */,
				AF5BC0B929D1AF1C008CA8B7 /* Release */,
			);
			defaultConfigurationIsVisible = 0;
			defaultConfigurationName = Release;
		};
		AFC2F3F72D4AC2E900FF8621 /* Build configuration list for PBXNativeTarget "Test_ClisbyTree" */ = {
			isa = XCConfigurationList;
			buildConfigurations = (
				AFC2F3F52D4AC2E900FF8621 /* Debug */,
				AFC2F3F62D4AC2E900FF8621 /* Release */,
			);
			defaultConfigurationIsVisible = 0;
			defaultConfigurationName = Release;
		};
		AFF305512B7AF4E2009ABC74 /* Build configuration list for PBXNativeTarget "Test_Link_2D" */ = {
			isa = XCConfigurationList;
			buildConfigurations = (
				AFF305522B7AF4E2009ABC74 /* Debug */,
				AFF305532B7AF4E2009ABC74 /* Release */,
			);
			defaultConfigurationIsVisible = 0;
			defaultConfigurationName = Release;
		};
/* End XCConfigurationList section */
	};
	rootObject = AF5BC0AB29D1AF1C008CA8B7 /* Project object */;
}
